
Microsoft Visual Studio Solution File, Format Version 12.00
# Visual Studio Version 17
VisualStudioVersion = 17.6.33723.286
MinimumVisualStudioVersion = 10.0.40219.1
Project("{FAE04EC0-301F-11D3-BF4B-00C04F79EFBC}") = "SendEmail", "SendEmail\SendEmail.csproj", "{B1E71913-ABC2-42A3-9833-2278067AE9AD}"
EndProject
Global
	GlobalSection(SolutionConfigurationPlatforms) = preSolution
		Debug|Any CPU = Debug|Any CPU
		Release|Any CPU = Release|Any CPU
	EndGlobalSection
	GlobalSection(ProjectConfigurationPlatforms) = postSolution
		{B1E71913-ABC2-42A3-9833-2278067AE9AD}.Debug|Any CPU.ActiveCfg = Debug|Any CPU
		{B1E71913-ABC2-42A3-9833-2278067AE9AD}.Debug|Any CPU.Build.0 = Debug|Any CPU
		{B1E71913-ABC2-42A3-9833-2278067AE9AD}.Release|Any CPU.ActiveCfg = Release|Any CPU
		{B1E71913-ABC2-42A3-9833-2278067AE9AD}.Release|Any CPU.Build.0 = Release|Any CPU
	EndGlobalSection
	GlobalSection(SolutionProperties) = preSolution
		HideSolutionNode = FALSE
	EndGlobalSection
	GlobalSection(ExtensibilityGlobals) = postSolution
		SolutionGuid = {C861E5AD-C660-410F-BF55-71C2E8D8EF74}
	EndGlobalSection
EndGlobal
